
Microsoft Visual Studio Solution File, Format Version 12.00
# Visual Studio Version 17
VisualStudioVersion = 17.0.31903.59
MinimumVisualStudioVersion = 10.0.40219.1
Project("{FAE04EC0-301F-11D3-BF4B-00C04F79EFBC}") = "Course", "Course\Course.csproj", "{13D0D9B8-E2A8-4EC9-A9BB-1AA94757E22F}"
EndProject
Project("{2150E333-8FDC-42A3-9474-1A3956D46DE8}") = "CollectionsT", "CollectionsT", "{47B1F5A1-9249-412B-8095-416623BB3BD7}"
EndProject
Project("{FAE04EC0-301F-11D3-BF4B-00C04F79EFBC}") = "QueueApp", "CollectionsT\QueueApp\QueueApp.csproj", "{C6AE7D88-6481-4CE0-88AA-2D0573185A70}"
EndProject
Project("{FAE04EC0-301F-11D3-BF4B-00C04F79EFBC}") = "StackApp", "CollectionsT\StackApp\StackApp.csproj", "{43EE6F58-70F5-4B46-9E07-33898007A5A0}"
EndProject
Project("{FAE04EC0-301F-11D3-BF4B-00C04F79EFBC}") = "SetCollectionsApp", "CollectionsT\SetCollectionsApp\SetCollectionsApp.csproj", "{429D4354-11FC-4479-AF7A-8CCFEE9E382E}"
EndProject
Project("{FAE04EC0-301F-11D3-BF4B-00C04F79EFBC}") = "ListIEnumerableApp", "CollectionsT\ListIEnumerableApp\ListIEnumerableApp.csproj", "{98E02488-46D9-4CE9-AD75-AD40E0FC19A8}"
EndProject
Project("{FAE04EC0-301F-11D3-BF4B-00C04F79EFBC}") = "DictionaryApp", "CollectionsT\DictionaryApp\DictionaryApp.csproj", "{4FCA9C87-55EF-4774-A0F0-C13F59E6374F}"
EndProject
Project("{FAE04EC0-301F-11D3-BF4B-00C04F79EFBC}") = "ArraysApp", "CollectionsT\ArraysApp\ArraysApp.csproj", "{1C77DED5-03BD-4C09-9A3C-EB7F752DA469}"
EndProject
Project("{FAE04EC0-301F-11D3-BF4B-00C04F79EFBC}") = "ArrayListandList", "CollectionsT\ArrayListandListApp\ArrayListandList.csproj", "{94A40285-26DD-4DC8-B86A-D3E2DC77EBB2}"
EndProject
Project("{2150E333-8FDC-42A3-9474-1A3956D46DE8}") = "Classess", "Classess", "{DA5BE72A-4A5F-4145-AE19-DBAD422A753E}"
EndProject
Project("{FAE04EC0-301F-11D3-BF4B-00C04F79EFBC}") = "AbstractApp", "Classess\AbstractApp\AbstractApp.csproj", "{794B3364-76FD-4B11-BBAE-8485B00A2A17}"
EndProject
Project("{FAE04EC0-301F-11D3-BF4B-00C04F79EFBC}") = "AcessModificatorsApp", "Classess\AcessModificatorsApp\AcessModificatorsApp.csproj", "{BC5C67DB-1388-4178-B102-FEDAFD9C1B52}"
EndProject
Project("{FAE04EC0-301F-11D3-BF4B-00C04F79EFBC}") = "CompositionAndAgregationApp", "Classess\CompositionAndAgregationApp\CompositionAndAgregationApp.csproj", "{A249CE1C-69BB-4105-8ECE-D5CDA2BA2334}"
EndProject
Project("{FAE04EC0-301F-11D3-BF4B-00C04F79EFBC}") = "EventApp", "Classess\ConstructorClassApp\EventApp.csproj", "{7165C950-9FEF-4A71-B692-DB993EE89EE1}"
EndProject
Project("{FAE04EC0-301F-11D3-BF4B-00C04F79EFBC}") = "GenericsApp", "Classess\GenericsApp\GenericsApp.csproj", "{B8ECD924-46F6-493D-AC88-5B9C8424C6EE}"
EndProject
Project("{2150E333-8FDC-42A3-9474-1A3956D46DE8}") = "Methods", "Methods", "{54E9B020-5AC3-426C-9D7F-88E879FC6DC7}"
EndProject
Project("{FAE04EC0-301F-11D3-BF4B-00C04F79EFBC}") = "HashCodeEqualsApp", "Methods\HashCodeEqualsApp\HashCodeEqualsApp.csproj", "{B74C22FB-50E7-4585-876E-FF52850A9124}"
EndProject
Project("{FAE04EC0-301F-11D3-BF4B-00C04F79EFBC}") = "IinterfacesApp", "Methods\IinterfacesApp\IinterfacesApp.csproj", "{B4D8C3EF-09C7-4F8F-89CE-97F91F579E47}"
EndProject
Project("{FAE04EC0-301F-11D3-BF4B-00C04F79EFBC}") = "IndexRandomApp", "Methods\IndexRandomApp\IndexRandomApp.csproj", "{C29A9D99-B3D0-4B77-B024-3EF21DE7020B}"
EndProject
Project("{FAE04EC0-301F-11D3-BF4B-00C04F79EFBC}") = "VirtualAndOverrideApp", "Methods\VirtualAndOverrideApp\VirtualAndOverrideApp.csproj", "{1ACE4032-BBE3-4193-B8D8-4A74129B6929}"
EndProject
Project("{FAE04EC0-301F-11D3-BF4B-00C04F79EFBC}") = "ReadOnlyCollectionApp", "CollectionsT\ReadOnlyCollectionApp\ReadOnlyCollectionApp.csproj", "{B9FFD184-43D4-48A9-A01F-7AF1C68377E1}"
EndProject
Global
	GlobalSection(SolutionConfigurationPlatforms) = preSolution
		Debug|Any CPU = Debug|Any CPU
		Release|Any CPU = Release|Any CPU
	EndGlobalSection
	GlobalSection(SolutionProperties) = preSolution
		HideSolutionNode = FALSE
	EndGlobalSection
	GlobalSection(ProjectConfigurationPlatforms) = postSolution
		{13D0D9B8-E2A8-4EC9-A9BB-1AA94757E22F}.Debug|Any CPU.ActiveCfg = Debug|Any CPU
		{13D0D9B8-E2A8-4EC9-A9BB-1AA94757E22F}.Debug|Any CPU.Build.0 = Debug|Any CPU
		{13D0D9B8-E2A8-4EC9-A9BB-1AA94757E22F}.Release|Any CPU.ActiveCfg = Release|Any CPU
		{13D0D9B8-E2A8-4EC9-A9BB-1AA94757E22F}.Release|Any CPU.Build.0 = Release|Any CPU
		{C6AE7D88-6481-4CE0-88AA-2D0573185A70}.Debug|Any CPU.ActiveCfg = Debug|Any CPU
		{C6AE7D88-6481-4CE0-88AA-2D0573185A70}.Debug|Any CPU.Build.0 = Debug|Any CPU
		{C6AE7D88-6481-4CE0-88AA-2D0573185A70}.Release|Any CPU.ActiveCfg = Release|Any CPU
		{C6AE7D88-6481-4CE0-88AA-2D0573185A70}.Release|Any CPU.Build.0 = Release|Any CPU
		{43EE6F58-70F5-4B46-9E07-33898007A5A0}.Debug|Any CPU.ActiveCfg = Debug|Any CPU
		{43EE6F58-70F5-4B46-9E07-33898007A5A0}.Debug|Any CPU.Build.0 = Debug|Any CPU
		{43EE6F58-70F5-4B46-9E07-33898007A5A0}.Release|Any CPU.ActiveCfg = Release|Any CPU
		{43EE6F58-70F5-4B46-9E07-33898007A5A0}.Release|Any CPU.Build.0 = Release|Any CPU
		{429D4354-11FC-4479-AF7A-8CCFEE9E382E}.Debug|Any CPU.ActiveCfg = Debug|Any CPU
		{429D4354-11FC-4479-AF7A-8CCFEE9E382E}.Debug|Any CPU.Build.0 = Debug|Any CPU
		{429D4354-11FC-4479-AF7A-8CCFEE9E382E}.Release|Any CPU.ActiveCfg = Release|Any CPU
		{429D4354-11FC-4479-AF7A-8CCFEE9E382E}.Release|Any CPU.Build.0 = Release|Any CPU
		{98E02488-46D9-4CE9-AD75-AD40E0FC19A8}.Debug|Any CPU.ActiveCfg = Debug|Any CPU
		{98E02488-46D9-4CE9-AD75-AD40E0FC19A8}.Debug|Any CPU.Build.0 = Debug|Any CPU
		{98E02488-46D9-4CE9-AD75-AD40E0FC19A8}.Release|Any CPU.ActiveCfg = Release|Any CPU
		{98E02488-46D9-4CE9-AD75-AD40E0FC19A8}.Release|Any CPU.Build.0 = Release|Any CPU
		{4FCA9C87-55EF-4774-A0F0-C13F59E6374F}.Debug|Any CPU.ActiveCfg = Debug|Any CPU
		{4FCA9C87-55EF-4774-A0F0-C13F59E6374F}.Debug|Any CPU.Build.0 = Debug|Any CPU
		{4FCA9C87-55EF-4774-A0F0-C13F59E6374F}.Release|Any CPU.ActiveCfg = Release|Any CPU
		{4FCA9C87-55EF-4774-A0F0-C13F59E6374F}.Release|Any CPU.Build.0 = Release|Any CPU
		{1C77DED5-03BD-4C09-9A3C-EB7F752DA469}.Debug|Any CPU.ActiveCfg = Debug|Any CPU
		{1C77DED5-03BD-4C09-9A3C-EB7F752DA469}.Debug|Any CPU.Build.0 = Debug|Any CPU
		{1C77DED5-03BD-4C09-9A3C-EB7F752DA469}.Release|Any CPU.ActiveCfg = Release|Any CPU
		{1C77DED5-03BD-4C09-9A3C-EB7F752DA469}.Release|Any CPU.Build.0 = Release|Any CPU
		{94A40285-26DD-4DC8-B86A-D3E2DC77EBB2}.Debug|Any CPU.ActiveCfg = Debug|Any CPU
		{94A40285-26DD-4DC8-B86A-D3E2DC77EBB2}.Debug|Any CPU.Build.0 = Debug|Any CPU
		{94A40285-26DD-4DC8-B86A-D3E2DC77EBB2}.Release|Any CPU.ActiveCfg = Release|Any CPU
		{94A40285-26DD-4DC8-B86A-D3E2DC77EBB2}.Release|Any CPU.Build.0 = Release|Any CPU
		{794B3364-76FD-4B11-BBAE-8485B00A2A17}.Debug|Any CPU.ActiveCfg = Debug|Any CPU
		{794B3364-76FD-4B11-BBAE-8485B00A2A17}.Debug|Any CPU.Build.0 = Debug|Any CPU
		{794B3364-76FD-4B11-BBAE-8485B00A2A17}.Release|Any CPU.ActiveCfg = Release|Any CPU
		{794B3364-76FD-4B11-BBAE-8485B00A2A17}.Release|Any CPU.Build.0 = Release|Any CPU
		{BC5C67DB-1388-4178-B102-FEDAFD9C1B52}.Debug|Any CPU.ActiveCfg = Debug|Any CPU
		{BC5C67DB-1388-4178-B102-FEDAFD9C1B52}.Debug|Any CPU.Build.0 = Debug|Any CPU
		{BC5C67DB-1388-4178-B102-FEDAFD9C1B52}.Release|Any CPU.ActiveCfg = Release|Any CPU
		{BC5C67DB-1388-4178-B102-FEDAFD9C1B52}.Release|Any CPU.Build.0 = Release|Any CPU
		{A249CE1C-69BB-4105-8ECE-D5CDA2BA2334}.Debug|Any CPU.ActiveCfg = Debug|Any CPU
		{A249CE1C-69BB-4105-8ECE-D5CDA2BA2334}.Debug|Any CPU.Build.0 = Debug|Any CPU
		{A249CE1C-69BB-4105-8ECE-D5CDA2BA2334}.Release|Any CPU.ActiveCfg = Release|Any CPU
		{A249CE1C-69BB-4105-8ECE-D5CDA2BA2334}.Release|Any CPU.Build.0 = Release|Any CPU
		{7165C950-9FEF-4A71-B692-DB993EE89EE1}.Debug|Any CPU.ActiveCfg = Debug|Any CPU
		{7165C950-9FEF-4A71-B692-DB993EE89EE1}.Debug|Any CPU.Build.0 = Debug|Any CPU
		{7165C950-9FEF-4A71-B692-DB993EE89EE1}.Release|Any CPU.ActiveCfg = Release|Any CPU
		{7165C950-9FEF-4A71-B692-DB993EE89EE1}.Release|Any CPU.Build.0 = Release|Any CPU
		{B8ECD924-46F6-493D-AC88-5B9C8424C6EE}.Debug|Any CPU.ActiveCfg = Debug|Any CPU
		{B8ECD924-46F6-493D-AC88-5B9C8424C6EE}.Debug|Any CPU.Build.0 = Debug|Any CPU
		{B8ECD924-46F6-493D-AC88-5B9C8424C6EE}.Release|Any CPU.ActiveCfg = Release|Any CPU
		{B8ECD924-46F6-493D-AC88-5B9C8424C6EE}.Release|Any CPU.Build.0 = Release|Any CPU
		{B74C22FB-50E7-4585-876E-FF52850A9124}.Debug|Any CPU.ActiveCfg = Debug|Any CPU
		{B74C22FB-50E7-4585-876E-FF52850A9124}.Debug|Any CPU.Build.0 = Debug|Any CPU
		{B74C22FB-50E7-4585-876E-FF52850A9124}.Release|Any CPU.ActiveCfg = Release|Any CPU
		{B74C22FB-50E7-4585-876E-FF52850A9124}.Release|Any CPU.Build.0 = Release|Any CPU
		{B4D8C3EF-09C7-4F8F-89CE-97F91F579E47}.Debug|Any CPU.ActiveCfg = Debug|Any CPU
		{B4D8C3EF-09C7-4F8F-89CE-97F91F579E47}.Debug|Any CPU.Build.0 = Debug|Any CPU
		{B4D8C3EF-09C7-4F8F-89CE-97F91F579E47}.Release|Any CPU.ActiveCfg = Release|Any CPU
		{B4D8C3EF-09C7-4F8F-89CE-97F91F579E47}.Release|Any CPU.Build.0 = Release|Any CPU
		{C29A9D99-B3D0-4B77-B024-3EF21DE7020B}.Debug|Any CPU.ActiveCfg = Debug|Any CPU
		{C29A9D99-B3D0-4B77-B024-3EF21DE7020B}.Debug|Any CPU.Build.0 = Debug|Any CPU
		{C29A9D99-B3D0-4B77-B024-3EF21DE7020B}.Release|Any CPU.ActiveCfg = Release|Any CPU
		{C29A9D99-B3D0-4B77-B024-3EF21DE7020B}.Release|Any CPU.Build.0 = Release|Any CPU
		{1ACE4032-BBE3-4193-B8D8-4A74129B6929}.Debug|Any CPU.ActiveCfg = Debug|Any CPU
		{1ACE4032-BBE3-4193-B8D8-4A74129B6929}.Debug|Any CPU.Build.0 = Debug|Any CPU
		{1ACE4032-BBE3-4193-B8D8-4A74129B6929}.Release|Any CPU.ActiveCfg = Release|Any CPU
		{1ACE4032-BBE3-4193-B8D8-4A74129B6929}.Release|Any CPU.Build.0 = Release|Any CPU
		{B9FFD184-43D4-48A9-A01F-7AF1C68377E1}.Debug|Any CPU.ActiveCfg = Debug|Any CPU
		{B9FFD184-43D4-48A9-A01F-7AF1C68377E1}.Debug|Any CPU.Build.0 = Debug|Any CPU
		{B9FFD184-43D4-48A9-A01F-7AF1C68377E1}.Release|Any CPU.ActiveCfg = Release|Any CPU
		{B9FFD184-43D4-48A9-A01F-7AF1C68377E1}.Release|Any CPU.Build.0 = Release|Any CPU
	EndGlobalSection
	GlobalSection(NestedProjects) = preSolution
		{C6AE7D88-6481-4CE0-88AA-2D0573185A70} = {47B1F5A1-9249-412B-8095-416623BB3BD7}
		{43EE6F58-70F5-4B46-9E07-33898007A5A0} = {47B1F5A1-9249-412B-8095-416623BB3BD7}
		{429D4354-11FC-4479-AF7A-8CCFEE9E382E} = {47B1F5A1-9249-412B-8095-416623BB3BD7}
		{98E02488-46D9-4CE9-AD75-AD40E0FC19A8} = {47B1F5A1-9249-412B-8095-416623BB3BD7}
		{4FCA9C87-55EF-4774-A0F0-C13F59E6374F} = {47B1F5A1-9249-412B-8095-416623BB3BD7}
		{1C77DED5-03BD-4C09-9A3C-EB7F752DA469} = {47B1F5A1-9249-412B-8095-416623BB3BD7}
		{94A40285-26DD-4DC8-B86A-D3E2DC77EBB2} = {47B1F5A1-9249-412B-8095-416623BB3BD7}
		{794B3364-76FD-4B11-BBAE-8485B00A2A17} = {DA5BE72A-4A5F-4145-AE19-DBAD422A753E}
		{BC5C67DB-1388-4178-B102-FEDAFD9C1B52} = {DA5BE72A-4A5F-4145-AE19-DBAD422A753E}
		{A249CE1C-69BB-4105-8ECE-D5CDA2BA2334} = {DA5BE72A-4A5F-4145-AE19-DBAD422A753E}
		{7165C950-9FEF-4A71-B692-DB993EE89EE1} = {DA5BE72A-4A5F-4145-AE19-DBAD422A753E}
		{B8ECD924-46F6-493D-AC88-5B9C8424C6EE} = {DA5BE72A-4A5F-4145-AE19-DBAD422A753E}
		{B74C22FB-50E7-4585-876E-FF52850A9124} = {54E9B020-5AC3-426C-9D7F-88E879FC6DC7}
		{B4D8C3EF-09C7-4F8F-89CE-97F91F579E47} = {54E9B020-5AC3-426C-9D7F-88E879FC6DC7}
		{C29A9D99-B3D0-4B77-B024-3EF21DE7020B} = {54E9B020-5AC3-426C-9D7F-88E879FC6DC7}
		{1ACE4032-BBE3-4193-B8D8-4A74129B6929} = {54E9B020-5AC3-426C-9D7F-88E879FC6DC7}
		{B9FFD184-43D4-48A9-A01F-7AF1C68377E1} = {47B1F5A1-9249-412B-8095-416623BB3BD7}
	EndGlobalSection
EndGlobal
